// !$*UTF8*$!
{
	archiveVersion = 1;
	classes = {
	};
	objectVersion = 50;
	objects = {

/* Begin PBXBuildFile section */
		7A55CF31240CA21000ADBC03 /* ItemCell.swift in Sources */ = {isa = PBXBuildFile; fileRef = 7A55CF30240CA21000ADBC03 /* ItemCell.swift */; };
		7A6FFCD42437B8BA008006F6 /* ImageStore.swift in Sources */ = {isa = PBXBuildFile; fileRef = 7A6FFCD32437B8BA008006F6 /* ImageStore.swift */; };
		7AD2992623FB97EA000FBCC1 /* AppDelegate.swift in Sources */ = {isa = PBXBuildFile; fileRef = 7AD2992523FB97EA000FBCC1 /* AppDelegate.swift */; };
		7AD2992823FB97EA000FBCC1 /* SceneDelegate.swift in Sources */ = {isa = PBXBuildFile; fileRef = 7AD2992723FB97EA000FBCC1 /* SceneDelegate.swift */; };
		7AD2992D23FB97EA000FBCC1 /* Main.storyboard in Resources */ = {isa = PBXBuildFile; fileRef = 7AD2992B23FB97EA000FBCC1 /* Main.storyboard */; };
		7AD2992F23FB9800000FBCC1 /* Assets.xcassets in Resources */ = {isa = PBXBuildFile; fileRef = 7AD2992E23FB9800000FBCC1 /* Assets.xcassets */; };
		7AD2993223FB9800000FBCC1 /* LaunchScreen.storyboard in Resources */ = {isa = PBXBuildFile; fileRef = 7AD2993023FB9800000FBCC1 /* LaunchScreen.storyboard */; };
		7AD2993D23FB9800000FBCC1 /* HomepwnerTests.swift in Sources */ = {isa = PBXBuildFile; fileRef = 7AD2993C23FB9800000FBCC1 /* HomepwnerTests.swift */; };
		7AD2994823FB9800000FBCC1 /* HomepwnerUITests.swift in Sources */ = {isa = PBXBuildFile; fileRef = 7AD2994723FB9800000FBCC1 /* HomepwnerUITests.swift */; };
		7AD2995623FB9896000FBCC1 /* ItemsViewController.swift in Sources */ = {isa = PBXBuildFile; fileRef = 7AD2995523FB9896000FBCC1 /* ItemsViewController.swift */; };
		7AD2995823FB9BDF000FBCC1 /* Item.swift in Sources */ = {isa = PBXBuildFile; fileRef = 7AD2995723FB9BDF000FBCC1 /* Item.swift */; };
		7AD2995A23FB9D70000FBCC1 /* ItemStore.swift in Sources */ = {isa = PBXBuildFile; fileRef = 7AD2995923FB9D70000FBCC1 /* ItemStore.swift */; };
		7AD390C1240E0E7C009ADD72 /* DetailViewController.swift in Sources */ = {isa = PBXBuildFile; fileRef = 7AD390C0240E0E7C009ADD72 /* DetailViewController.swift */; };
/* End PBXBuildFile section */

/* Begin PBXContainerItemProxy section */
		7AD2993923FB9800000FBCC1 /* PBXContainerItemProxy */ = {
			isa = PBXContainerItemProxy;
			containerPortal = 7AD2991A23FB97EA000FBCC1 /* Project object */;
			proxyType = 1;
			remoteGlobalIDString = 7AD2992123FB97EA000FBCC1;
			remoteInfo = Homepwner;
		};
		7AD2994423FB9800000FBCC1 /* PBXContainerItemProxy */ = {
			isa = PBXContainerItemProxy;
			containerPortal = 7AD2991A23FB97EA000FBCC1 /* Project object */;
			proxyType = 1;
			remoteGlobalIDString = 7AD2992123FB97EA000FBCC1;
			remoteInfo = Homepwner;
		};
/* End PBXContainerItemProxy section */

/* Begin PBXFileReference section */
		7A55CF30240CA21000ADBC03 /* ItemCell.swift */ = {isa = PBXFileReference; lastKnownFileType = sourcecode.swift; path = ItemCell.swift; sourceTree = "<group>"; };
		7A6FFCD32437B8BA008006F6 /* ImageStore.swift */ = {isa = PBXFileReference; lastKnownFileType = sourcecode.swift; path = ImageStore.swift; sourceTree = "<group>"; };
		7AD2992223FB97EA000FBCC1 /* Homepwner.app */ = {isa = PBXFileReference; explicitFileType = wrapper.application; includeInIndex = 0; path = Homepwner.app; sourceTree = BUILT_PRODUCTS_DIR; };
		7AD2992523FB97EA000FBCC1 /* AppDelegate.swift */ = {isa = PBXFileReference; lastKnownFileType = sourcecode.swift; path = AppDelegate.swift; sourceTree = "<group>"; };
		7AD2992723FB97EA000FBCC1 /* SceneDelegate.swift */ = {isa = PBXFileReference; lastKnownFileType = sourcecode.swift; path = SceneDelegate.swift; sourceTree = "<group>"; };
		7AD2992C23FB97EA000FBCC1 /* Base */ = {isa = PBXFileReference; lastKnownFileType = file.storyboard; name = Base; path = Base.lproj/Main.storyboard; sourceTree = "<group>"; };
		7AD2992E23FB9800000FBCC1 /* Assets.xcassets */ = {isa = PBXFileReference; lastKnownFileType = folder.assetcatalog; path = Assets.xcassets; sourceTree = "<group>"; };
		7AD2993123FB9800000FBCC1 /* Base */ = {isa = PBXFileReference; lastKnownFileType = file.storyboard; name = Base; path = Base.lproj/LaunchScreen.storyboard; sourceTree = "<group>"; };
		7AD2993323FB9800000FBCC1 /* Info.plist */ = {isa = PBXFileReference; lastKnownFileType = text.plist.xml; path = Info.plist; sourceTree = "<group>"; };
		7AD2993823FB9800000FBCC1 /* HomepwnerTests.xctest */ = {isa = PBXFileReference; explicitFileType = wrapper.cfbundle; includeInIndex = 0; path = HomepwnerTests.xctest; sourceTree = BUILT_PRODUCTS_DIR; };
		7AD2993C23FB9800000FBCC1 /* HomepwnerTests.swift */ = {isa = PBXFileReference; lastKnownFileType = sourcecode.swift; path = HomepwnerTests.swift; sourceTree = "<group>"; };
		7AD2993E23FB9800000FBCC1 /* Info.plist */ = {isa = PBXFileReference; lastKnownFileType = text.plist.xml; path = Info.plist; sourceTree = "<group>"; };
		7AD2994323FB9800000FBCC1 /* HomepwnerUITests.xctest */ = {isa = PBXFileReference; explicitFileType = wrapper.cfbundle; includeInIndex = 0; path = HomepwnerUITests.xctest; sourceTree = BUILT_PRODUCTS_DIR; };
		7AD2994723FB9800000FBCC1 /* HomepwnerUITests.swift */ = {isa = PBXFileReference; lastKnownFileType = sourcecode.swift; path = HomepwnerUITests.swift; sourceTree = "<group>"; };
		7AD2994923FB9800000FBCC1 /* Info.plist */ = {isa = PBXFileReference; lastKnownFileType = text.plist.xml; path = Info.plist; sourceTree = "<group>"; };
		7AD2995523FB9896000FBCC1 /* ItemsViewController.swift */ = {isa = PBXFileReference; lastKnownFileType = sourcecode.swift; path = ItemsViewController.swift; sourceTree = "<group>"; };
		7AD2995723FB9BDF000FBCC1 /* Item.swift */ = {isa = PBXFileReference; lastKnownFileType = sourcecode.swift; path = Item.swift; sourceTree = "<group>"; };
		7AD2995923FB9D70000FBCC1 /* ItemStore.swift */ = {isa = PBXFileReference; lastKnownFileType = sourcecode.swift; path = ItemStore.swift; sourceTree = "<group>"; };
		7AD390C0240E0E7C009ADD72 /* DetailViewController.swift */ = {isa = PBXFileReference; lastKnownFileType = sourcecode.swift; path = DetailViewController.swift; sourceTree = "<group>"; };
/* End PBXFileReference section */

/* Begin PBXFrameworksBuildPhase section */
		7AD2991F23FB97EA000FBCC1 /* Frameworks */ = {
			isa = PBXFrameworksBuildPhase;
			buildActionMask = 2147483647;
			files = (
			);
			runOnlyForDeploymentPostprocessing = 0;
		};
		7AD2993523FB9800000FBCC1 /* Frameworks */ = {
			isa = PBXFrameworksBuildPhase;
			buildActionMask = 2147483647;
			files = (
			);
			runOnlyForDeploymentPostprocessing = 0;
		};
		7AD2994023FB9800000FBCC1 /* Frameworks */ = {
			isa = PBXFrameworksBuildPhase;
			buildActionMask = 2147483647;
			files = (
			);
			runOnlyForDeploymentPostprocessing = 0;
		};
/* End PBXFrameworksBuildPhase section */

/* Begin PBXGroup section */
		7AD2991923FB97EA000FBCC1 = {
			isa = PBXGroup;
			children = (
				7AD2992423FB97EA000FBCC1 /* Homepwner */,
				7AD2993B23FB9800000FBCC1 /* HomepwnerTests */,
				7AD2994623FB9800000FBCC1 /* HomepwnerUITests */,
				7AD2992323FB97EA000FBCC1 /* Products */,
			);
			sourceTree = "<group>";
		};
		7AD2992323FB97EA000FBCC1 /* Products */ = {
			isa = PBXGroup;
			children = (
				7AD2992223FB97EA000FBCC1 /* Homepwner.app */,
				7AD2993823FB9800000FBCC1 /* HomepwnerTests.xctest */,
				7AD2994323FB9800000FBCC1 /* HomepwnerUITests.xctest */,
			);
			name = Products;
			sourceTree = "<group>";
		};
		7AD2992423FB97EA000FBCC1 /* Homepwner */ = {
			isa = PBXGroup;
			children = (
				7AD2992523FB97EA000FBCC1 /* AppDelegate.swift */,
				7AD2992723FB97EA000FBCC1 /* SceneDelegate.swift */,
				7AD2992B23FB97EA000FBCC1 /* Main.storyboard */,
				7AD2992E23FB9800000FBCC1 /* Assets.xcassets */,
				7AD2993023FB9800000FBCC1 /* LaunchScreen.storyboard */,
				7AD2993323FB9800000FBCC1 /* Info.plist */,
				7AD2995523FB9896000FBCC1 /* ItemsViewController.swift */,
				7AD2995723FB9BDF000FBCC1 /* Item.swift */,
				7A55CF30240CA21000ADBC03 /* ItemCell.swift */,
				7AD2995923FB9D70000FBCC1 /* ItemStore.swift */,
				7AD390C0240E0E7C009ADD72 /* DetailViewController.swift */,
				7A6FFCD32437B8BA008006F6 /* ImageStore.swift */,
			);
			path = Homepwner;
			sourceTree = "<group>";
		};
		7AD2993B23FB9800000FBCC1 /* HomepwnerTests */ = {
			isa = PBXGroup;
			children = (
				7AD2993C23FB9800000FBCC1 /* HomepwnerTests.swift */,
				7AD2993E23FB9800000FBCC1 /* Info.plist */,
			);
			path = HomepwnerTests;
			sourceTree = "<group>";
		};
		7AD2994623FB9800000FBCC1 /* HomepwnerUITests */ = {
			isa = PBXGroup;
			children = (
				7AD2994723FB9800000FBCC1 /* HomepwnerUITests.swift */,
				7AD2994923FB9800000FBCC1 /* Info.plist */,
			);
			path = HomepwnerUITests;
			sourceTree = "<group>";
		};
/* End PBXGroup section */

/* Begin PBXNativeTarget section */
		7AD2992123FB97EA000FBCC1 /* Homepwner */ = {
			isa = PBXNativeTarget;
			buildConfigurationList = 7AD2994C23FB9801000FBCC1 /* Build configuration list for PBXNativeTarget "Homepwner" */;
			buildPhases = (
				7AD2991E23FB97EA000FBCC1 /* Sources */,
				7AD2991F23FB97EA000FBCC1 /* Frameworks */,
				7AD2992023FB97EA000FBCC1 /* Resources */,
			);
			buildRules = (
			);
			dependencies = (
			);
			name = Homepwner;
			productName = Homepwner;
			productReference = 7AD2992223FB97EA000FBCC1 /* Homepwner.app */;
			productType = "com.apple.product-type.application";
		};
		7AD2993723FB9800000FBCC1 /* HomepwnerTests */ = {
			isa = PBXNativeTarget;
			buildConfigurationList = 7AD2994F23FB9801000FBCC1 /* Build configuration list for PBXNativeTarget "HomepwnerTests" */;
			buildPhases = (
				7AD2993423FB9800000FBCC1 /* Sources */,
				7AD2993523FB9800000FBCC1 /* Frameworks */,
				7AD2993623FB9800000FBCC1 /* Resources */,
			);
			buildRules = (
			);
			dependencies = (
				7AD2993A23FB9800000FBCC1 /* PBXTargetDependency */,
			);
			name = HomepwnerTests;
			productName = HomepwnerTests;
			productReference = 7AD2993823FB9800000FBCC1 /* HomepwnerTests.xctest */;
			productType = "com.apple.product-type.bundle.unit-test";
		};
		7AD2994223FB9800000FBCC1 /* HomepwnerUITests */ = {
			isa = PBXNativeTarget;
			buildConfigurationList = 7AD2995223FB9801000FBCC1 /* Build configuration list for PBXNativeTarget "HomepwnerUITests" */;
			buildPhases = (
				7AD2993F23FB9800000FBCC1 /* Sources */,
				7AD2994023FB9800000FBCC1 /* Frameworks */,
				7AD2994123FB9800000FBCC1 /* Resources */,
			);
			buildRules = (
			);
			dependencies = (
				7AD2994523FB9800000FBCC1 /* PBXTargetDependency */,
			);
			name = HomepwnerUITests;
			productName = HomepwnerUITests;
			productReference = 7AD2994323FB9800000FBCC1 /* HomepwnerUITests.xctest */;
			productType = "com.apple.product-type.bundle.ui-testing";
		};
/* End PBXNativeTarget section */

/* Begin PBXProject section */
		7AD2991A23FB97EA000FBCC1 /* Project object */ = {
			isa = PBXProject;
			attributes = {
				LastSwiftUpdateCheck = 1130;
				LastUpgradeCheck = 1130;
				ORGANIZATIONNAME = "Big Nerd Ranch";
				TargetAttributes = {
					7AD2992123FB97EA000FBCC1 = {
						CreatedOnToolsVersion = 11.3.1;
					};
					7AD2993723FB9800000FBCC1 = {
						CreatedOnToolsVersion = 11.3.1;
						TestTargetID = 7AD2992123FB97EA000FBCC1;
					};
					7AD2994223FB9800000FBCC1 = {
						CreatedOnToolsVersion = 11.3.1;
						TestTargetID = 7AD2992123FB97EA000FBCC1;
					};
				};
			};
			buildConfigurationList = 7AD2991D23FB97EA000FBCC1 /* Build configuration list for PBXProject "Homepwner" */;
			compatibilityVersion = "Xcode 9.3";
			developmentRegion = en;
			hasScannedForEncodings = 0;
			knownRegions = (
				en,
				Base,
			);
			mainGroup = 7AD2991923FB97EA000FBCC1;
			productRefGroup = 7AD2992323FB97EA000FBCC1 /* Products */;
			projectDirPath = "";
			projectRoot = "";
			targets = (
				7AD2992123FB97EA000FBCC1 /* Homepwner */,
				7AD2993723FB9800000FBCC1 /* HomepwnerTests */,
				7AD2994223FB9800000FBCC1 /* HomepwnerUITests */,
			);
		};
/* End PBXProject section */

/* Begin PBXResourcesBuildPhase section */
		7AD2992023FB97EA000FBCC1 /* Resources */ = {
			isa = PBXResourcesBuildPhase;
			buildActionMask = 2147483647;
			files = (
				7AD2993223FB9800000FBCC1 /* LaunchScreen.storyboard in Resources */,
				7AD2992F23FB9800000FBCC1 /* Assets.xcassets in Resources */,
				7AD2992D23FB97EA000FBCC1 /* Main.storyboard in Resources */,
			);
			runOnlyForDeploymentPostprocessing = 0;
		};
		7AD2993623FB9800000FBCC1 /* Resources */ = {
			isa = PBXResourcesBuildPhase;
			buildActionMask = 2147483647;
			files = (
			);
			runOnlyForDeploymentPostprocessing = 0;
		};
		7AD2994123FB9800000FBCC1 /* Resources */ = {
			isa = PBXResourcesBuildPhase;
			buildActionMask = 2147483647;
			files = (
			);
			runOnlyForDeploymentPostprocessing = 0;
		};
/* End PBXResourcesBuildPhase section */

/* Begin PBXSourcesBuildPhase section */
		7AD2991E23FB97EA000FBCC1 /* Sources */ = {
			isa = PBXSourcesBuildPhase;
			buildActionMask = 2147483647;
			files = (
				7AD2995823FB9BDF000FBCC1 /* Item.swift in Sources */,
				7AD2995623FB9896000FBCC1 /* ItemsViewController.swift in Sources */,
				7A55CF31240CA21000ADBC03 /* ItemCell.swift in Sources */,
				7A6FFCD42437B8BA008006F6 /* ImageStore.swift in Sources */,
				7AD2992623FB97EA000FBCC1 /* AppDelegate.swift in Sources */,
				7AD2995A23FB9D70000FBCC1 /* ItemStore.swift in Sources */,
				7AD2992823FB97EA000FBCC1 /* SceneDelegate.swift in Sources */,
				7AD390C1240E0E7C009ADD72 /* DetailViewController.swift in Sources */,
			);
			runOnlyForDeploymentPostprocessing = 0;
		};
		7AD2993423FB9800000FBCC1 /* Sources */ = {
			isa = PBXSourcesBuildPhase;
			buildActionMask = 2147483647;
			files = (
				7AD2993D23FB9800000FBCC1 /* HomepwnerTests.swift in Sources */,
			);
			runOnlyForDeploymentPostprocessing = 0;
		};
		7AD2993F23FB9800000FBCC1 /* Sources */ = {
			isa = PBXSourcesBuildPhase;
			buildActionMask = 2147483647;
			files = (
				7AD2994823FB9800000FBCC1 /* HomepwnerUITests.swift in Sources */,
			);
			runOnlyForDeploymentPostprocessing = 0;
		};
/* End PBXSourcesBuildPhase section */

/* Begin PBXTargetDependency section */
		7AD2993A23FB9800000FBCC1 /* PBXTargetDependency */ = {
			isa = PBXTargetDependency;
			target = 7AD2992123FB97EA000FBCC1 /* Homepwner */;
			targetProxy = 7AD2993923FB9800000FBCC1 /* PBXContainerItemProxy */;
		};
		7AD2994523FB9800000FBCC1 /* PBXTargetDependency */ = {
			isa = PBXTargetDependency;
			target = 7AD2992123FB97EA000FBCC1 /* Homepwner */;
			targetProxy = 7AD2994423FB9800000FBCC1 /* PBXContainerItemProxy */;
		};
/* End PBXTargetDependency section */

/* Begin PBXVariantGroup section */
		7AD2992B23FB97EA000FBCC1 /* Main.storyboard */ = {
			isa = PBXVariantGroup;
			children = (
				7AD2992C23FB97EA000FBCC1 /* Base */,
			);
			name = Main.storyboard;
			sourceTree = "<group>";
		};
		7AD2993023FB9800000FBCC1 /* LaunchScreen.storyboard */ = {
			isa = PBXVariantGroup;
			children = (
				7AD2993123FB9800000FBCC1 /* Base */,
			);
			name = LaunchScreen.storyboard;
			sourceTree = "<group>";
		};
/* End PBXVariantGroup section */

/* Begin XCBuildConfiguration section */
		7AD2994A23FB9801000FBCC1 /* Debug */ = {
			isa = XCBuildConfiguration;
			buildSettings = {
				ALWAYS_SEARCH_USER_PATHS = NO;
				CLANG_ANALYZER_NONNULL = YES;
				CLANG_ANALYZER_NUMBER_OBJECT_CONVERSION = YES_AGGRESSIVE;
				CLANG_CXX_LANGUAGE_STANDARD = "gnu++14";
				CLANG_CXX_LIBRARY = "libc++";
				CLANG_ENABLE_MODULES = YES;
				CLANG_ENABLE_OBJC_ARC = YES;
				CLANG_ENABLE_OBJC_WEAK = YES;
				CLANG_WARN_BLOCK_CAPTURE_AUTORELEASING = YES;
				CLANG_WARN_BOOL_CONVERSION = YES;
				CLANG_WARN_COMMA = YES;
				CLANG_WARN_CONSTANT_CONVERSION = YES;
				CLANG_WARN_DEPRECATED_OBJC_IMPLEMENTATIONS = YES;
				CLANG_WARN_DIRECT_OBJC_ISA_USAGE = YES_ERROR;
				CLANG_WARN_DOCUMENTATION_COMMENTS = YES;
				CLANG_WARN_EMPTY_BODY = YES;
				CLANG_WARN_ENUM_CONVERSION = YES;
				CLANG_WARN_INFINITE_RECURSION = YES;
				CLANG_WARN_INT_CONVERSION = YES;
				CLANG_WARN_NON_LITERAL_NULL_CONVERSION = YES;
				CLANG_WARN_OBJC_IMPLICIT_RETAIN_SELF = YES;
				CLANG_WARN_OBJC_LITERAL_CONVERSION = YES;
				CLANG_WARN_OBJC_ROOT_CLASS = YES_ERROR;
				CLANG_WARN_RANGE_LOOP_ANALYSIS = YES;
				CLANG_WARN_STRICT_PROTOTYPES = YES;
				CLANG_WARN_SUSPICIOUS_MOVE = YES;
				CLANG_WARN_UNGUARDED_AVAILABILITY = YES_AGGRESSIVE;
				CLANG_WARN_UNREACHABLE_CODE = YES;
				CLANG_WARN__DUPLICATE_METHOD_MATCH = YES;
				COPY_PHASE_STRIP = NO;
				DEBUG_INFORMATION_FORMAT = dwarf;
				ENABLE_STRICT_OBJC_MSGSEND = YES;
				ENABLE_TESTABILITY = YES;
				GCC_C_LANGUAGE_STANDARD = gnu11;
				GCC_DYNAMIC_NO_PIC = NO;
				GCC_NO_COMMON_BLOCKS = YES;
				GCC_OPTIMIZATION_LEVEL = 0;
				GCC_PREPROCESSOR_DEFINITIONS = (
					"DEBUG=1",
					"$(inherited)",
				);
				GCC_WARN_64_TO_32_BIT_CONVERSION = YES;
				GCC_WARN_ABOUT_RETURN_TYPE = YES_ERROR;
				GCC_WARN_UNDECLARED_SELECTOR = YES;
				GCC_WARN_UNINITIALIZED_AUTOS = YES_AGGRESSIVE;
				GCC_WARN_UNUSED_FUNCTION = YES;
				GCC_WARN_UNUSED_VARIABLE = YES;
				IPHONEOS_DEPLOYMENT_TARGET = 13.2;
				MTL_ENABLE_DEBUG_INFO = INCLUDE_SOURCE;
				MTL_FAST_MATH = YES;
				ONLY_ACTIVE_ARCH = YES;
				SDKROOT = iphoneos;
				SWIFT_ACTIVE_COMPILATION_CONDITIONS = DEBUG;
				SWIFT_OPTIMIZATION_LEVEL = "-Onone";
			};
			name = Debug;
		};
		7AD2994B23FB9801000FBCC1 /* Release */ = {
			isa = XCBuildConfiguration;
			buildSettings = {
				ALWAYS_SEARCH_USER_PATHS = NO;
				CLANG_ANALYZER_NONNULL = YES;
				CLANG_ANALYZER_NUMBER_OBJECT_CONVERSION = YES_AGGRESSIVE;
				CLANG_CXX_LANGUAGE_STANDARD = "gnu++14";
				CLANG_CXX_LIBRARY = "libc++";
				CLANG_ENABLE_MODULES = YES;
				CLANG_ENABLE_OBJC_ARC = YES;
				CLANG_ENABLE_OBJC_WEAK = YES;
				CLANG_WARN_BLOCK_CAPTURE_AUTORELEASING = YES;
				CLANG_WARN_BOOL_CONVERSION = YES;
				CLANG_WARN_COMMA = YES;
				CLANG_WARN_CONSTANT_CONVERSION = YES;
				CLANG_WARN_DEPRECATED_OBJC_IMPLEMENTATIONS = YES;
				CLANG_WARN_DIRECT_OBJC_ISA_USAGE = YES_ERROR;
				CLANG_WARN_DOCUMENTATION_COMMENTS = YES;
				CLANG_WARN_EMPTY_BODY = YES;
				CLANG_WARN_ENUM_CONVERSION = YES;
				CLANG_WARN_INFINITE_RECURSION = YES;
				CLANG_WARN_INT_CONVERSION = YES;
				CLANG_WARN_NON_LITERAL_NULL_CONVERSION = YES;
				CLANG_WARN_OBJC_IMPLICIT_RETAIN_SELF = YES;
				CLANG_WARN_OBJC_LITERAL_CONVERSION = YES;
				CLANG_WARN_OBJC_ROOT_CLASS = YES_ERROR;
				CLANG_WARN_RANGE_LOOP_ANALYSIS = YES;
				CLANG_WARN_STRICT_PROTOTYPES = YES;
				CLANG_WARN_SUSPICIOUS_MOVE = YES;
				CLANG_WARN_UNGUARDED_AVAILABILITY = YES_AGGRESSIVE;
				CLANG_WARN_UNREACHABLE_CODE = YES;
				CLANG_WARN__DUPLICATE_METHOD_MATCH = YES;
				COPY_PHASE_STRIP = NO;
				DEBUG_INFORMATION_FORMAT = "dwarf-with-dsym";
				ENABLE_NS_ASSERTIONS = NO;
				ENABLE_STRICT_OBJC_MSGSEND = YES;
				GCC_C_LANGUAGE_STANDARD = gnu11;
				GCC_NO_COMMON_BLOCKS = YES;
				GCC_WARN_64_TO_32_BIT_CONVERSION = YES;
				GCC_WARN_ABOUT_RETURN_TYPE = YES_ERROR;
				GCC_WARN_UNDECLARED_SELECTOR = YES;
				GCC_WARN_UNINITIALIZED_AUTOS = YES_AGGRESSIVE;
				GCC_WARN_UNUSED_FUNCTION = YES;
				GCC_WARN_UNUSED_VARIABLE = YES;
				IPHONEOS_DEPLOYMENT_TARGET = 13.2;
				MTL_ENABLE_DEBUG_INFO = NO;
				MTL_FAST_MATH = YES;
				SDKROOT = iphoneos;
				SWIFT_COMPILATION_MODE = wholemodule;
				SWIFT_OPTIMIZATION_LEVEL = "-O";
				VALIDATE_PRODUCT = YES;
			};
			name = Release;
		};
		7AD2994D23FB9801000FBCC1 /* Debug */ = {
			isa = XCBuildConfiguration;
			buildSettings = {
				ASSETCATALOG_COMPILER_APPICON_NAME = AppIcon;
				CODE_SIGN_STYLE = Automatic;
				INFOPLIST_FILE = Homepwner/Info.plist;
				LD_RUNPATH_SEARCH_PATHS = (
					"$(inherited)",
					"@executable_path/Frameworks",
				);
				PRODUCT_BUNDLE_IDENTIFIER = com.bignerdranch.Homepwner;
				PRODUCT_NAME = "$(TARGET_NAME)";
				SWIFT_VERSION = 5.0;
				TARGETED_DEVICE_FAMILY = "1,2";
			};
			name = Debug;
		};
		7AD2994E23FB9801000FBCC1 /* Release */ = {
			isa = XCBuildConfiguration;
			buildSettings = {
				ASSETCATALOG_COMPILER_APPICON_NAME = AppIcon;
				CODE_SIGN_STYLE = Automatic;
				INFOPLIST_FILE = Homepwner/Info.plist;
				LD_RUNPATH_SEARCH_PATHS = (
					"$(inherited)",
					"@executable_path/Frameworks",
				);
				PRODUCT_BUNDLE_IDENTIFIER = com.bignerdranch.Homepwner;
				PRODUCT_NAME = "$(TARGET_NAME)";
				SWIFT_VERSION = 5.0;
				TARGETED_DEVICE_FAMILY = "1,2";
			};
			name = Release;
		};
		7AD2995023FB9801000FBCC1 /* Debug */ = {
			isa = XCBuildConfiguration;
			buildSettings = {
				ALWAYS_EMBED_SWIFT_STANDARD_LIBRARIES = YES;
				BUNDLE_LOADER = "$(TEST_HOST)";
				CODE_SIGN_STYLE = Automatic;
				INFOPLIST_FILE = HomepwnerTests/Info.plist;
				IPHONEOS_DEPLOYMENT_TARGET = 13.2;
				LD_RUNPATH_SEARCH_PATHS = (
					"$(inherited)",
					"@executable_path/Frameworks",
					"@loader_path/Frameworks",
				);
				PRODUCT_BUNDLE_IDENTIFIER = com.bignerdranch.HomepwnerTests;
				PRODUCT_NAME = "$(TARGET_NAME)";
				SWIFT_VERSION = 5.0;
				TARGETED_DEVICE_FAMILY = "1,2";
				TEST_HOST = "$(BUILT_PRODUCTS_DIR)/Homepwner.app/Homepwner";
			};
			name = Debug;
		};
		7AD2995123FB9801000FBCC1 /* Release */ = {
			isa = XCBuildConfiguration;
			buildSettings = {
				ALWAYS_EMBED_SWIFT_STANDARD_LIBRARIES = YES;
				BUNDLE_LOADER = "$(TEST_HOST)";
				CODE_SIGN_STYLE = Automatic;
				INFOPLIST_FILE = HomepwnerTests/Info.plist;
				IPHONEOS_DEPLOYMENT_TARGET = 13.2;
				LD_RUNPATH_SEARCH_PATHS = (
					"$(inherited)",
					"@executable_path/Frameworks",
					"@loader_path/Frameworks",
				);
				PRODUCT_BUNDLE_IDENTIFIER = com.bignerdranch.HomepwnerTests;
				PRODUCT_NAME = "$(TARGET_NAME)";
				SWIFT_VERSION = 5.0;
				TARGETED_DEVICE_FAMILY = "1,2";
				TEST_HOST = "$(BUILT_PRODUCTS_DIR)/Homepwner.app/Homepwner";
			};
			name = Release;
		};
		7AD2995323FB9801000FBCC1 /* Debug */ = {
			isa = XCBuildConfiguration;
			buildSettings = {
				ALWAYS_EMBED_SWIFT_STANDARD_LIBRARIES = YES;
				CODE_SIGN_STYLE = Automatic;
				INFOPLIST_FILE = HomepwnerUITests/Info.plist;
				LD_RUNPATH_SEARCH_PATHS = (
					"$(inherited)",
					"@executable_path/Frameworks",
					"@loader_path/Frameworks",
				);
				PRODUCT_BUNDLE_IDENTIFIER = com.bignerdranch.HomepwnerUITests;
				PRODUCT_NAME = "$(TARGET_NAME)";
				SWIFT_VERSION = 5.0;
				TARGETED_DEVICE_FAMILY = "1,2";
				TEST_TARGET_NAME = Homepwner;
			};
			name = Debug;
		};
		7AD2995423FB9801000FBCC1 /* Release */ = {
			isa = XCBuildConfiguration;
			buildSettings = {
				ALWAYS_EMBED_SWIFT_STANDARD_LIBRARIES = YES;
				CODE_SIGN_STYLE = Automatic;
				INFOPLIST_FILE = HomepwnerUITests/Info.plist;
				LD_RUNPATH_SEARCH_PATHS = (
					"$(inherited)",
					"@executable_path/Frameworks",
					"@loader_path/Frameworks",
				);
				PRODUCT_BUNDLE_IDENTIFIER = com.bignerdranch.HomepwnerUITests;
				PRODUCT_NAME = "$(TARGET_NAME)";
				SWIFT_VERSION = 5.0;
				TARGETED_DEVICE_FAMILY = "1,2";
				TEST_TARGET_NAME = Homepwner;
			};
			name = Release;
		};
/* End XCBuildConfiguration section */

/* Begin XCConfigurationList section */
		7AD2991D23FB97EA000FBCC1 /* Build configuration list for PBXProject "Homepwner" */ = {
			isa = XCConfigurationList;
			buildConfigurations = (
				7AD2994A23FB9801000FBCC1 /* Debug */,
				7AD2994B23FB9801000FBCC1 /* Release */,
			);
			defaultConfigurationIsVisible = 0;
			defaultConfigurationName = Release;
		};
		7AD2994C23FB9801000FBCC1 /* Build configuration list for PBXNativeTarget "Homepwner" */ = {
			isa = XCConfigurationList;
			buildConfigurations = (
				7AD2994D23FB9801000FBCC1 /* Debug */,
				7AD2994E23FB9801000FBCC1 /* Release */,
			);
			defaultConfigurationIsVisible = 0;
			defaultConfigurationName = Release;
		};
		7AD2994F23FB9801000FBCC1 /* Build configuration list for PBXNativeTarget "HomepwnerTests" */ = {
			isa = XCConfigurationList;
			buildConfigurations = (
				7AD2995023FB9801000FBCC1 /* Debug */,
				7AD2995123FB9801000FBCC1 /* Release */,
			);
			defaultConfigurationIsVisible = 0;
			defaultConfigurationName = Release;
		};
		7AD2995223FB9801000FBCC1 /* Build configuration list for PBXNativeTarget "HomepwnerUITests" */ = {
			isa = XCConfigurationList;
			buildConfigurations = (
				7AD2995323FB9801000FBCC1 /* Debug */,
				7AD2995423FB9801000FBCC1 /* Release */,
			);
			defaultConfigurationIsVisible = 0;
			defaultConfigurationName = Release;
		};
/* End XCConfigurationList section */
	};
	rootObject = 7AD2991A23FB97EA000FBCC1 /* Project object */;
}
